
Microsoft Visual Studio Solution File, Format Version 12.00
# Visual Studio Version 17
VisualStudioVersion = 17.10.34928.147
MinimumVisualStudioVersion = 10.0.40219.1
Project("{FAE04EC0-301F-11D3-BF4B-00C04F79EFBC}") = "ToyRobotTest", "ToyRobotTest\ToyRobotTest.csproj", "{599960C0-82B9-4F76-AD8A-FE7752675EF0}"
EndProject
Global
	GlobalSection(SolutionConfigurationPlatforms) = preSolution
		Debug|Any CPU = Debug|Any CPU
		Release|Any CPU = Release|Any CPU
	EndGlobalSection
	GlobalSection(ProjectConfigurationPlatforms) = postSolution
		{599960C0-82B9-4F76-AD8A-FE7752675EF0}.Debug|Any CPU.ActiveCfg = Debug|Any CPU
		{599960C0-82B9-4F76-AD8A-FE7752675EF0}.Debug|Any CPU.Build.0 = Debug|Any CPU
		{599960C0-82B9-4F76-AD8A-FE7752675EF0}.Release|Any CPU.ActiveCfg = Release|Any CPU
		{599960C0-82B9-4F76-AD8A-FE7752675EF0}.Release|Any CPU.Build.0 = Release|Any CPU
	EndGlobalSection
	GlobalSection(SolutionProperties) = preSolution
		HideSolutionNode = FALSE
	EndGlobalSection
	GlobalSection(ExtensibilityGlobals) = postSolution
		SolutionGuid = {18934392-C4D2-4AF0-AAEC-745677DC5163}
	EndGlobalSection
EndGlobal
